schema: '2.0'
stages:
  prepare:
    cmd: python3 src/data_preprocessing.py
    deps:
    - path: src/data_preprocessing.py
      hash: md5
      md5: 6800ea2f36d6e1167e6abdad9d5f31ce
      size: 1564
  train:
    cmd: python3 src/run_model.py scores.json
    deps:
    - path: src/run_model.py
      hash: md5
      md5: 3568dcf6fcc86cfc4dab857e7bbbdcac
      size: 1579
    params:
      params.yaml:
        train.batch_size: 24
    outs:
    - path: plots.json
      hash: md5
      md5: fce7370ccea655c95d66df3eefe85b8e
      size: 779
  evaluate:
    cmd: python3 src/evaluate.py scores.json
    deps:
    - path: src/evaluate.py
      hash: md5
      md5: 1cb515b7051eafbb089a18200de0575c
      size: 533
    outs:
    - path: scores.json
      hash: md5
      md5: 02c03b4b1f3ca9542dc802a9f5913a08
      size: 27
